
Microsoft Visual Studio Solution File, Format Version 12.00
# Visual Studio Version 17
VisualStudioVersion = 17.2.32630.192
MinimumVisualStudioVersion = 10.0.40219.1
Project("{9A19103F-16F7-4668-BE54-9A1E7A4F7556}") = "CUETools.Codecs.FLAKE", "CUETools.Codecs.FLAKE\CUETools.Codecs.FLAKE.csproj", "{082D6B9E-326E-4D15-9798-EDAE9EDE70A6}"
EndProject
Project("{9A19103F-16F7-4668-BE54-9A1E7A4F7556}") = "UnitTests", "UnitTests\UnitTests.csproj", "{DCE90A90-FF63-49C3-A2CF-909C638A4FF6}"
EndProject
Project("{FAE04EC0-301F-11D3-BF4B-00C04F79EFBC}") = "FLACCodecWin8", "FLACCodecWin8\FLACCodecWin8.csproj", "{180D86F8-6249-47F2-BB13-CC8FA14DB890}"
EndProject
Project("{FAE04EC0-301F-11D3-BF4B-00C04F79EFBC}") = "UnitTestsWin8", "UnitTestsWin8\UnitTestsWin8.csproj", "{933C0D5C-D2C9-4336-B68E-C1B7DA732BEB}"
EndProject
Project("{2150E333-8FDC-42A3-9474-1A3956D46DE8}") = "Solution Items", "Solution Items", "{64208DC8-3536-44D9-B362-7EC7AEC11C5F}"
	ProjectSection(SolutionItems) = preProject
		.github\workflows\dotnet-desktop.yml = .github\workflows\dotnet-desktop.yml
		README.md = README.md
	EndProjectSection
EndProject
Project("{FAE04EC0-301F-11D3-BF4B-00C04F79EFBC}") = "Demo", "Demo\Demo.csproj", "{2245DD05-DFE7-49DE-A84E-8D229295E69D}"
EndProject
Global
	GlobalSection(SolutionConfigurationPlatforms) = preSolution
		Debug|Any CPU = Debug|Any CPU
		Debug|ARM = Debug|ARM
		Debug|x64 = Debug|x64
		Debug|x86 = Debug|x86
		Release|Any CPU = Release|Any CPU
		Release|ARM = Release|ARM
		Release|x64 = Release|x64
		Release|x86 = Release|x86
	EndGlobalSection
	GlobalSection(ProjectConfigurationPlatforms) = postSolution
		{082D6B9E-326E-4D15-9798-EDAE9EDE70A6}.Debug|Any CPU.ActiveCfg = Debug|Any CPU
		{082D6B9E-326E-4D15-9798-EDAE9EDE70A6}.Debug|Any CPU.Build.0 = Debug|Any CPU
		{082D6B9E-326E-4D15-9798-EDAE9EDE70A6}.Debug|ARM.ActiveCfg = Debug|Any CPU
		{082D6B9E-326E-4D15-9798-EDAE9EDE70A6}.Debug|x64.ActiveCfg = Debug|Any CPU
		{082D6B9E-326E-4D15-9798-EDAE9EDE70A6}.Debug|x86.ActiveCfg = Debug|Any CPU
		{082D6B9E-326E-4D15-9798-EDAE9EDE70A6}.Release|Any CPU.ActiveCfg = Release|Any CPU
		{082D6B9E-326E-4D15-9798-EDAE9EDE70A6}.Release|Any CPU.Build.0 = Release|Any CPU
		{082D6B9E-326E-4D15-9798-EDAE9EDE70A6}.Release|ARM.ActiveCfg = Release|Any CPU
		{082D6B9E-326E-4D15-9798-EDAE9EDE70A6}.Release|x64.ActiveCfg = Release|Any CPU
		{082D6B9E-326E-4D15-9798-EDAE9EDE70A6}.Release|x86.ActiveCfg = Release|Any CPU
		{DCE90A90-FF63-49C3-A2CF-909C638A4FF6}.Debug|Any CPU.ActiveCfg = Debug|Any CPU
		{DCE90A90-FF63-49C3-A2CF-909C638A4FF6}.Debug|Any CPU.Build.0 = Debug|Any CPU
		{DCE90A90-FF63-49C3-A2CF-909C638A4FF6}.Debug|ARM.ActiveCfg = Debug|Any CPU
		{DCE90A90-FF63-49C3-A2CF-909C638A4FF6}.Debug|x64.ActiveCfg = Debug|Any CPU
		{DCE90A90-FF63-49C3-A2CF-909C638A4FF6}.Debug|x86.ActiveCfg = Debug|Any CPU
		{DCE90A90-FF63-49C3-A2CF-909C638A4FF6}.Release|Any CPU.ActiveCfg = Release|Any CPU
		{DCE90A90-FF63-49C3-A2CF-909C638A4FF6}.Release|Any CPU.Build.0 = Release|Any CPU
		{DCE90A90-FF63-49C3-A2CF-909C638A4FF6}.Release|ARM.ActiveCfg = Release|Any CPU
		{DCE90A90-FF63-49C3-A2CF-909C638A4FF6}.Release|x64.ActiveCfg = Release|Any CPU
		{DCE90A90-FF63-49C3-A2CF-909C638A4FF6}.Release|x86.ActiveCfg = Release|Any CPU
		{180D86F8-6249-47F2-BB13-CC8FA14DB890}.Debug|Any CPU.ActiveCfg = Debug|Any CPU
		{180D86F8-6249-47F2-BB13-CC8FA14DB890}.Debug|Any CPU.Build.0 = Debug|Any CPU
		{180D86F8-6249-47F2-BB13-CC8FA14DB890}.Debug|ARM.ActiveCfg = Debug|ARM
		{180D86F8-6249-47F2-BB13-CC8FA14DB890}.Debug|ARM.Build.0 = Debug|ARM
		{180D86F8-6249-47F2-BB13-CC8FA14DB890}.Debug|x64.ActiveCfg = Debug|x64
		{180D86F8-6249-47F2-BB13-CC8FA14DB890}.Debug|x64.Build.0 = Debug|x64
		{180D86F8-6249-47F2-BB13-CC8FA14DB890}.Debug|x86.ActiveCfg = Debug|x86
		{180D86F8-6249-47F2-BB13-CC8FA14DB890}.Debug|x86.Build.0 = Debug|x86
		{180D86F8-6249-47F2-BB13-CC8FA14DB890}.Release|Any CPU.ActiveCfg = Release|Any CPU
		{180D86F8-6249-47F2-BB13-CC8FA14DB890}.Release|Any CPU.Build.0 = Release|Any CPU
		{180D86F8-6249-47F2-BB13-CC8FA14DB890}.Release|ARM.ActiveCfg = Release|ARM
		{180D86F8-6249-47F2-BB13-CC8FA14DB890}.Release|ARM.Build.0 = Release|ARM
		{180D86F8-6249-47F2-BB13-CC8FA14DB890}.Release|x64.ActiveCfg = Release|x64
		{180D86F8-6249-47F2-BB13-CC8FA14DB890}.Release|x64.Build.0 = Release|x64
		{180D86F8-6249-47F2-BB13-CC8FA14DB890}.Release|x86.ActiveCfg = Release|x86
		{180D86F8-6249-47F2-BB13-CC8FA14DB890}.Release|x86.Build.0 = Release|x86
		{933C0D5C-D2C9-4336-B68E-C1B7DA732BEB}.Debug|Any CPU.ActiveCfg = Debug|Any CPU
		{933C0D5C-D2C9-4336-B68E-C1B7DA732BEB}.Debug|Any CPU.Build.0 = Debug|Any CPU
		{933C0D5C-D2C9-4336-B68E-C1B7DA732BEB}.Debug|Any CPU.Deploy.0 = Debug|Any CPU
		{933C0D5C-D2C9-4336-B68E-C1B7DA732BEB}.Debug|ARM.ActiveCfg = Debug|ARM
		{933C0D5C-D2C9-4336-B68E-C1B7DA732BEB}.Debug|ARM.Build.0 = Debug|ARM
		{933C0D5C-D2C9-4336-B68E-C1B7DA732BEB}.Debug|ARM.Deploy.0 = Debug|ARM
		{933C0D5C-D2C9-4336-B68E-C1B7DA732BEB}.Debug|x64.ActiveCfg = Debug|x64
		{933C0D5C-D2C9-4336-B68E-C1B7DA732BEB}.Debug|x64.Build.0 = Debug|x64
		{933C0D5C-D2C9-4336-B68E-C1B7DA732BEB}.Debug|x64.Deploy.0 = Debug|x64
		{933C0D5C-D2C9-4336-B68E-C1B7DA732BEB}.Debug|x86.ActiveCfg = Debug|x86
		{933C0D5C-D2C9-4336-B68E-C1B7DA732BEB}.Debug|x86.Build.0 = Debug|x86
		{933C0D5C-D2C9-4336-B68E-C1B7DA732BEB}.Debug|x86.Deploy.0 = Debug|x86
		{933C0D5C-D2C9-4336-B68E-C1B7DA732BEB}.Release|Any CPU.ActiveCfg = Release|Any CPU
		{933C0D5C-D2C9-4336-B68E-C1B7DA732BEB}.Release|Any CPU.Build.0 = Release|Any CPU
		{933C0D5C-D2C9-4336-B68E-C1B7DA732BEB}.Release|Any CPU.Deploy.0 = Release|Any CPU
		{933C0D5C-D2C9-4336-B68E-C1B7DA732BEB}.Release|ARM.ActiveCfg = Release|ARM
		{933C0D5C-D2C9-4336-B68E-C1B7DA732BEB}.Release|ARM.Build.0 = Release|ARM
		{933C0D5C-D2C9-4336-B68E-C1B7DA732BEB}.Release|ARM.Deploy.0 = Release|ARM
		{933C0D5C-D2C9-4336-B68E-C1B7DA732BEB}.Release|x64.ActiveCfg = Release|x64
		{933C0D5C-D2C9-4336-B68E-C1B7DA732BEB}.Release|x64.Build.0 = Release|x64
		{933C0D5C-D2C9-4336-B68E-C1B7DA732BEB}.Release|x64.Deploy.0 = Release|x64
		{933C0D5C-D2C9-4336-B68E-C1B7DA732BEB}.Release|x86.ActiveCfg = Release|x86
		{933C0D5C-D2C9-4336-B68E-C1B7DA732BEB}.Release|x86.Build.0 = Release|x86
		{933C0D5C-D2C9-4336-B68E-C1B7DA732BEB}.Release|x86.Deploy.0 = Release|x86
		{2245DD05-DFE7-49DE-A84E-8D229295E69D}.Debug|Any CPU.ActiveCfg = Debug|Any CPU
		{2245DD05-DFE7-49DE-A84E-8D229295E69D}.Debug|Any CPU.Build.0 = Debug|Any CPU
		{2245DD05-DFE7-49DE-A84E-8D229295E69D}.Debug|ARM.ActiveCfg = Debug|Any CPU
		{2245DD05-DFE7-49DE-A84E-8D229295E69D}.Debug|ARM.Build.0 = Debug|Any CPU
		{2245DD05-DFE7-49DE-A84E-8D229295E69D}.Debug|x64.ActiveCfg = Debug|Any CPU
		{2245DD05-DFE7-49DE-A84E-8D229295E69D}.Debug|x64.Build.0 = Debug|Any CPU
		{2245DD05-DFE7-49DE-A84E-8D229295E69D}.Debug|x86.ActiveCfg = Debug|Any CPU
		{2245DD05-DFE7-49DE-A84E-8D229295E69D}.Debug|x86.Build.0 = Debug|Any CPU
		{2245DD05-DFE7-49DE-A84E-8D229295E69D}.Release|Any CPU.ActiveCfg = Release|Any CPU
		{2245DD05-DFE7-49DE-A84E-8D229295E69D}.Release|Any CPU.Build.0 = Release|Any CPU
		{2245DD05-DFE7-49DE-A84E-8D229295E69D}.Release|ARM.ActiveCfg = Release|Any CPU
		{2245DD05-DFE7-49DE-A84E-8D229295E69D}.Release|ARM.Build.0 = Release|Any CPU
		{2245DD05-DFE7-49DE-A84E-8D229295E69D}.Release|x64.ActiveCfg = Release|Any CPU
		{2245DD05-DFE7-49DE-A84E-8D229295E69D}.Release|x64.Build.0 = Release|Any CPU
		{2245DD05-DFE7-49DE-A84E-8D229295E69D}.Release|x86.ActiveCfg = Release|Any CPU
		{2245DD05-DFE7-49DE-A84E-8D229295E69D}.Release|x86.Build.0 = Release|Any CPU
	EndGlobalSection
	GlobalSection(SolutionProperties) = preSolution
		HideSolutionNode = FALSE
	EndGlobalSection
	GlobalSection(ExtensibilityGlobals) = postSolution
		SolutionGuid = {48F70D34-628D-450A-80FF-8EC771FDE0D2}
	EndGlobalSection
EndGlobal
